
Microsoft Visual Studio Solution File, Format Version 12.00
# Visual Studio Version 17
VisualStudioVersion = 17.3.32929.385
MinimumVisualStudioVersion = 10.0.40219.1
Project("{FAE04EC0-301F-11D3-BF4B-00C04F79EFBC}") = "OOP Lab8_Collection Generics_AmieNet22", "OOP Lab8_Collection Generics_AmieNet22.csproj", "{EB5B4089-71E9-4A56-91BF-EEF094F1FEA9}"
EndProject
Global
	GlobalSection(SolutionConfigurationPlatforms) = preSolution
		Debug|Any CPU = Debug|Any CPU
		Release|Any CPU = Release|Any CPU
	EndGlobalSection
	GlobalSection(ProjectConfigurationPlatforms) = postSolution
		{EB5B4089-71E9-4A56-91BF-EEF094F1FEA9}.Debug|Any CPU.ActiveCfg = Debug|Any CPU
		{EB5B4089-71E9-4A56-91BF-EEF094F1FEA9}.Debug|Any CPU.Build.0 = Debug|Any CPU
		{EB5B4089-71E9-4A56-91BF-EEF094F1FEA9}.Release|Any CPU.ActiveCfg = Release|Any CPU
		{EB5B4089-71E9-4A56-91BF-EEF094F1FEA9}.Release|Any CPU.Build.0 = Release|Any CPU
	EndGlobalSection
	GlobalSection(SolutionProperties) = preSolution
		HideSolutionNode = FALSE
	EndGlobalSection
	GlobalSection(ExtensibilityGlobals) = postSolution
		SolutionGuid = {E25E4B80-DF60-4760-8416-2AF3C9ACB078}
	EndGlobalSection
EndGlobal
